
Microsoft Visual Studio Solution File, Format Version 12.00
# Visual Studio Version 16
VisualStudioVersion = 16.0.30611.23
MinimumVisualStudioVersion = 10.0.40219.1
Project("{FAE04EC0-301F-11D3-BF4B-00C04F79EFBC}") = "Kordamine2", "Kordamine2.csproj", "{EDD67BB9-50D2-420B-8733-801C1A5C099F}"
EndProject
Global
	GlobalSection(SolutionConfigurationPlatforms) = preSolution
		Debug|Any CPU = Debug|Any CPU
		Release|Any CPU = Release|Any CPU
	EndGlobalSection
	GlobalSection(ProjectConfigurationPlatforms) = postSolution
		{EDD67BB9-50D2-420B-8733-801C1A5C099F}.Debug|Any CPU.ActiveCfg = Debug|Any CPU
		{EDD67BB9-50D2-420B-8733-801C1A5C099F}.Debug|Any CPU.Build.0 = Debug|Any CPU
		{EDD67BB9-50D2-420B-8733-801C1A5C099F}.Release|Any CPU.ActiveCfg = Release|Any CPU
		{EDD67BB9-50D2-420B-8733-801C1A5C099F}.Release|Any CPU.Build.0 = Release|Any CPU
	EndGlobalSection
	GlobalSection(SolutionProperties) = preSolution
		HideSolutionNode = FALSE
	EndGlobalSection
	GlobalSection(ExtensibilityGlobals) = postSolution
		SolutionGuid = {E9153702-6416-4773-80FA-004F670ABE09}
	EndGlobalSection
EndGlobal
